
Microsoft Visual Studio Solution File, Format Version 12.00
# Visual Studio 15
VisualStudioVersion = 15.0.28307.572
MinimumVisualStudioVersion = 10.0.40219.1
Project("{FAE04EC0-301F-11D3-BF4B-00C04F79EFBC}") = "GitExample", "GitExample\GitExample.csproj", "{40AC9EE5-CE3A-4235-A82C-0433C009A4DE}"
EndProject
Global
	GlobalSection(SolutionConfigurationPlatforms) = preSolution
		Debug|Any CPU = Debug|Any CPU
		Release|Any CPU = Release|Any CPU
	EndGlobalSection
	GlobalSection(ProjectConfigurationPlatforms) = postSolution
		{40AC9EE5-CE3A-4235-A82C-0433C009A4DE}.Debug|Any CPU.ActiveCfg = Debug|Any CPU
		{40AC9EE5-CE3A-4235-A82C-0433C009A4DE}.Debug|Any CPU.Build.0 = Debug|Any CPU
		{40AC9EE5-CE3A-4235-A82C-0433C009A4DE}.Release|Any CPU.ActiveCfg = Release|Any CPU
		{40AC9EE5-CE3A-4235-A82C-0433C009A4DE}.Release|Any CPU.Build.0 = Release|Any CPU
	EndGlobalSection
	GlobalSection(SolutionProperties) = preSolution
		HideSolutionNode = FALSE
	EndGlobalSection
	GlobalSection(ExtensibilityGlobals) = postSolution
		SolutionGuid = {EE7E6B33-0545-4F5E-A230-9DAFE6E5EB2D}
	EndGlobalSection
EndGlobal
